
Microsoft Visual Studio Solution File, Format Version 12.00
# Visual Studio Version 16
VisualStudioVersion = 16.0.31410.357
MinimumVisualStudioVersion = 10.0.40219.1
Project("{9A19103F-16F7-4668-BE54-9A1E7A4F7556}") = "FinalProject", "FinalProject\FinalProject.csproj", "{99999235-D731-4016-9719-B706937EF2F4}"
EndProject
Project("{54435603-DBB4-11D2-8724-00A0C9A8B90C}") = "Installer FinalProject", "Installer FinalProject\Installer FinalProject.vdproj", "{A190CC0E-C3B6-4806-A7F4-EBA3FA99F57B}"
EndProject
Global
	GlobalSection(SolutionConfigurationPlatforms) = preSolution
		Debug|Any CPU = Debug|Any CPU
		Release|Any CPU = Release|Any CPU
	EndGlobalSection
	GlobalSection(ProjectConfigurationPlatforms) = postSolution
		{99999235-D731-4016-9719-B706937EF2F4}.Debug|Any CPU.ActiveCfg = Debug|Any CPU
		{99999235-D731-4016-9719-B706937EF2F4}.Debug|Any CPU.Build.0 = Debug|Any CPU
		{99999235-D731-4016-9719-B706937EF2F4}.Release|Any CPU.ActiveCfg = Release|Any CPU
		{99999235-D731-4016-9719-B706937EF2F4}.Release|Any CPU.Build.0 = Release|Any CPU
		{A190CC0E-C3B6-4806-A7F4-EBA3FA99F57B}.Debug|Any CPU.ActiveCfg = Debug
		{A190CC0E-C3B6-4806-A7F4-EBA3FA99F57B}.Release|Any CPU.ActiveCfg = Release
	EndGlobalSection
	GlobalSection(SolutionProperties) = preSolution
		HideSolutionNode = FALSE
	EndGlobalSection
	GlobalSection(ExtensibilityGlobals) = postSolution
		SolutionGuid = {B80FDBFD-54AB-434A-8A03-03053A8C81B9}
	EndGlobalSection
EndGlobal
